
Microsoft Visual Studio Solution File, Format Version 12.00
# Visual Studio Version 17
VisualStudioVersion = 17.0.32126.317
MinimumVisualStudioVersion = 10.0.40219.1
Project("{FAE04EC0-301F-11D3-BF4B-00C04F79EFBC}") = "MyMusicList-Server", "MyMusicList-Server.csproj", "{3D67258E-DA74-4C1B-8511-4E4E15B2924C}"
EndProject
Global
	GlobalSection(SolutionConfigurationPlatforms) = preSolution
		Debug|Any CPU = Debug|Any CPU
		Release|Any CPU = Release|Any CPU
	EndGlobalSection
	GlobalSection(ProjectConfigurationPlatforms) = postSolution
		{3D67258E-DA74-4C1B-8511-4E4E15B2924C}.Debug|Any CPU.ActiveCfg = Debug|Any CPU
		{3D67258E-DA74-4C1B-8511-4E4E15B2924C}.Debug|Any CPU.Build.0 = Debug|Any CPU
		{3D67258E-DA74-4C1B-8511-4E4E15B2924C}.Release|Any CPU.ActiveCfg = Release|Any CPU
		{3D67258E-DA74-4C1B-8511-4E4E15B2924C}.Release|Any CPU.Build.0 = Release|Any CPU
	EndGlobalSection
	GlobalSection(SolutionProperties) = preSolution
		HideSolutionNode = FALSE
	EndGlobalSection
	GlobalSection(ExtensibilityGlobals) = postSolution
		SolutionGuid = {E856E9E6-86CB-45D0-8F4D-4EE1CD7ADA9F}
	EndGlobalSection
EndGlobal
